{
  "name": "testing-package",
  "version": "1.0.0",
  "lockfileVersion": 1,
  "requires": true,
  "dependencies": {
    "calc-add": {
      "version": "1.0.0",
      "resolved": "https://registry.npmjs.org/calc-add/-/calc-add-1.0.0.tgz",
      "integrity": "sha512-vKPtxzXNVcR7hovmlcXSVXQApoZa7i+n2U8Wg2/yfULf9GOGN46rpj9C6kyHXFZuplAlkNVZV7ZNCjmwG6oBMg=="
    }
  }
}
